{
    "name": "@kruining/epiphany",
    "lockfileVersion": 2,
    "requires": true,
    "packages": {
        "": {
            "name": "@kruining/epiphany",
            "license": "MIT",
            "dependencies": {
                "comlink": "^4.3.1",
                "source-map": "^0.7.3",
                "ts-ast-to-literal": "^1.0.5",
                "ts-pattern": "^4.0.0",
                "typescript": "^4.6.2"
            },
            "devDependencies": {
                "@kruining/waterlogged": "1.1.23",
                "@remix-run/react": "1.6.4",
                "@types/node": "17.0.21",
                "@types/react": "18.0.15",
                "@types/react-dom": "18.0.6",
                "esbuild": "0.14.49"
            },
            "engines": {
                "node": ">=14"
            },
            "peerDependencies": {
                "react": "^17.0.2 || ^18.0.0",
                "react-dom": "^17.0.2 || ^18.0.0"
            }
        },
        "node_modules/@babel/runtime": {
            "version": "7.17.2",
            "resolved": "https://registry.npmjs.org/@babel/runtime/-/runtime-7.17.2.tgz",
            "integrity": "sha512-hzeyJyMA1YGdJTuWU0e/j4wKXrU4OMFvY2MSlaI9B7VQb0r5cxTE3EAIS2Q7Tn2RIcDkRvTA/v2JsAEhxe99uw==",
            "dev": true,
            "dependencies": {
                "regenerator-runtime": "^0.13.4"
            },
            "engines": {
                "node": ">=6.9.0"
            }
        },
        "node_modules/@dword-design/endent": {
            "version": "1.0.1",
            "resolved": "https://registry.npmjs.org/@dword-design/endent/-/endent-1.0.1.tgz",
            "integrity": "sha512-F8xRP8hTVd8JclhvmZskVN6QMLMge+kYCPOZ2Xsx7FJbs2dyD9J1cwDNsBAVujBfK2aKeznI/eqbHVK2XxCA2g==",
            "dependencies": {
                "dedent": "github:dword-design/dedent#fork",
                "fast-json-parse": "^1.0.3",
                "objectorarray": "^1.0.3"
            }
        },
        "node_modules/@dword-design/functions": {
            "version": "4.0.7",
            "resolved": "https://registry.npmjs.org/@dword-design/functions/-/functions-4.0.7.tgz",
            "integrity": "sha512-Q225czTokHcXIUhe+yVlHuhnETdfKyJptNAfg2LnoB/HXUxQyb76+kwpBzwlldOQ7FJl+RDATj4zTRBh4puesA==",
            "dependencies": {
                "@dword-design/endent": "^1.0.0",
                "delay": "^5.0.0",
                "lodash": "^4.17.15",
                "tinycolor2": "^1.4.1"
            },
            "engines": {
                "node": ">=12"
            },
            "funding": {
                "url": "https://github.com/sponsors/dword-design"
            }
        },
        "node_modules/@kruining/waterlogged": {
            "version": "1.1.23",
            "resolved": "https://registry.npmjs.org/@kruining/waterlogged/-/waterlogged-1.1.23.tgz",
            "integrity": "sha512-+8lEJa7az1YD9a03jBbJWRGTD9T5pa7/HBWWNjTCgbLp3Blzln79S6lTEr/mpS3H+ggVvDo5V9Xo4GqjU6qIJw==",
            "dev": true,
            "engines": {
                "node": ">=14"
            }
        },
        "node_modules/@remix-run/react": {
            "version": "1.6.4",
            "resolved": "https://registry.npmjs.org/@remix-run/react/-/react-1.6.4.tgz",
            "integrity": "sha512-Ai05U2pZqAqd4buvomKRJM32u34qmb7W7dZCxUYMV+6+CkYddxOjnrFcnG/KyRSqmJ12O8UWAspJCvkfbZVW5w==",
            "dev": true,
            "dependencies": {
                "history": "^5.3.0",
                "react-router-dom": "^6.2.2"
            },
            "engines": {
                "node": ">=14"
            },
            "peerDependencies": {
                "react": ">=16.8",
                "react-dom": ">=16.8"
            }
        },
        "node_modules/@types/node": {
            "version": "17.0.21",
            "resolved": "https://registry.npmjs.org/@types/node/-/node-17.0.21.tgz",
            "integrity": "sha512-DBZCJbhII3r90XbQxI8Y9IjjiiOGlZ0Hr32omXIZvwwZ7p4DMMXGrKXVyPfuoBOri9XNtL0UK69jYIBIsRX3QQ==",
            "dev": true
        },
        "node_modules/@types/prop-types": {
            "version": "15.7.4",
            "resolved": "https://registry.npmjs.org/@types/prop-types/-/prop-types-15.7.4.tgz",
            "integrity": "sha512-rZ5drC/jWjrArrS8BR6SIr4cWpW09RNTYt9AMZo3Jwwif+iacXAqgVjm0B0Bv/S1jhDXKHqRVNCbACkJ89RAnQ==",
            "dev": true
        },
        "node_modules/@types/react": {
            "version": "18.0.15",
            "resolved": "https://registry.npmjs.org/@types/react/-/react-18.0.15.tgz",
            "integrity": "sha512-iz3BtLuIYH1uWdsv6wXYdhozhqj20oD4/Hk2DNXIn1kFsmp9x8d9QB6FnPhfkbhd2PgEONt9Q1x/ebkwjfFLow==",
            "dev": true,
            "dependencies": {
                "@types/prop-types": "*",
                "@types/scheduler": "*",
                "csstype": "^3.0.2"
            }
        },
        "node_modules/@types/react-dom": {
            "version": "18.0.6",
            "resolved": "https://registry.npmjs.org/@types/react-dom/-/react-dom-18.0.6.tgz",
            "integrity": "sha512-/5OFZgfIPSwy+YuIBP/FgJnQnsxhZhjjrnxudMddeblOouIodEQ75X14Rr4wGSG/bknL+Omy9iWlLo1u/9GzAA==",
            "dev": true,
            "dependencies": {
                "@types/react": "*"
            }
        },
        "node_modules/@types/scheduler": {
            "version": "0.16.2",
            "resolved": "https://registry.npmjs.org/@types/scheduler/-/scheduler-0.16.2.tgz",
            "integrity": "sha512-hppQEBDmlwhFAXKJX2KnWLYu5yMfi91yazPb2l+lbJiwW+wdo1gNeRA+3RgNSO39WYX2euey41KEwnqesU2Jew==",
            "dev": true
        },
        "node_modules/babel-plugin-add-module-exports": {
            "version": "1.0.4",
            "resolved": "https://registry.npmjs.org/babel-plugin-add-module-exports/-/babel-plugin-add-module-exports-1.0.4.tgz",
            "integrity": "sha512-g+8yxHUZ60RcyaUpfNzy56OtWW+x9cyEe9j+CranqLiqbju2yf/Cy6ZtYK40EZxtrdHllzlVZgLmcOUCTlJ7Jg=="
        },
        "node_modules/comlink": {
            "version": "4.3.1",
            "resolved": "https://registry.npmjs.org/comlink/-/comlink-4.3.1.tgz",
            "integrity": "sha512-+YbhUdNrpBZggBAHWcgQMLPLH1KDF3wJpeqrCKieWQ8RL7atmgsgTQko1XEBK6PsecfopWNntopJ+ByYG1lRaA=="
        },
        "node_modules/csstype": {
            "version": "3.0.11",
            "resolved": "https://registry.npmjs.org/csstype/-/csstype-3.0.11.tgz",
            "integrity": "sha512-sa6P2wJ+CAbgyy4KFssIb/JNMLxFvKF1pCYCSXS8ZMuqZnMsrxqI2E5sPyoTpxoPU/gVZMzr2zjOfg8GIZOMsw==",
            "dev": true
        },
        "node_modules/dedent": {
            "version": "0.7.0",
            "resolved": "git+ssh://git@github.com/dword-design/dedent.git#c8d46e5017d60504657c2d01b59082c0329a12a7",
            "license": "MIT",
            "dependencies": {
                "babel-plugin-add-module-exports": "^1.0.2"
            }
        },
        "node_modules/delay": {
            "version": "5.0.0",
            "resolved": "https://registry.npmjs.org/delay/-/delay-5.0.0.tgz",
            "integrity": "sha512-ReEBKkIfe4ya47wlPYf/gu5ib6yUG0/Aez0JQZQz94kiWtRQvZIQbTiehsnwHvLSWJnQdhVeqYue7Id1dKr0qw==",
            "engines": {
                "node": ">=10"
            },
            "funding": {
                "url": "https://github.com/sponsors/sindresorhus"
            }
        },
        "node_modules/esbuild": {
            "version": "0.14.49",
            "resolved": "https://registry.npmjs.org/esbuild/-/esbuild-0.14.49.tgz",
            "integrity": "sha512-/TlVHhOaq7Yz8N1OJrjqM3Auzo5wjvHFLk+T8pIue+fhnhIMpfAzsG6PLVMbFveVxqD2WOp3QHei+52IMUNmCw==",
            "dev": true,
            "hasInstallScript": true,
            "bin": {
                "esbuild": "bin/esbuild"
            },
            "engines": {
                "node": ">=12"
            },
            "optionalDependencies": {
                "esbuild-android-64": "0.14.49",
                "esbuild-android-arm64": "0.14.49",
                "esbuild-darwin-64": "0.14.49",
                "esbuild-darwin-arm64": "0.14.49",
                "esbuild-freebsd-64": "0.14.49",
                "esbuild-freebsd-arm64": "0.14.49",
                "esbuild-linux-32": "0.14.49",
                "esbuild-linux-64": "0.14.49",
                "esbuild-linux-arm": "0.14.49",
                "esbuild-linux-arm64": "0.14.49",
                "esbuild-linux-mips64le": "0.14.49",
                "esbuild-linux-ppc64le": "0.14.49",
                "esbuild-linux-riscv64": "0.14.49",
                "esbuild-linux-s390x": "0.14.49",
                "esbuild-netbsd-64": "0.14.49",
                "esbuild-openbsd-64": "0.14.49",
                "esbuild-sunos-64": "0.14.49",
                "esbuild-windows-32": "0.14.49",
                "esbuild-windows-64": "0.14.49",
                "esbuild-windows-arm64": "0.14.49"
            }
        },
        "node_modules/esbuild-android-64": {
            "version": "0.14.49",
            "resolved": "https://registry.npmjs.org/esbuild-android-64/-/esbuild-android-64-0.14.49.tgz",
            "integrity": "sha512-vYsdOTD+yi+kquhBiFWl3tyxnj2qZJsl4tAqwhT90ktUdnyTizgle7TjNx6Ar1bN7wcwWqZ9QInfdk2WVagSww==",
            "cpu": [
                "x64"
            ],
            "dev": true,
            "optional": true,
            "os": [
                "android"
            ],
            "engines": {
                "node": ">=12"
            }
        },
        "node_modules/esbuild-android-arm64": {
            "version": "0.14.49",
            "resolved": "https://registry.npmjs.org/esbuild-android-arm64/-/esbuild-android-arm64-0.14.49.tgz",
            "integrity": "sha512-g2HGr/hjOXCgSsvQZ1nK4nW/ei8JUx04Li74qub9qWrStlysaVmadRyTVuW32FGIpLQyc5sUjjZopj49eGGM2g==",
            "cpu": [
                "arm64"
            ],
            "dev": true,
            "optional": true,
            "os": [
                "android"
            ],
            "engines": {
                "node": ">=12"
            }
        },
        "node_modules/esbuild-darwin-64": {
            "version": "0.14.49",
            "resolved": "https://registry.npmjs.org/esbuild-darwin-64/-/esbuild-darwin-64-0.14.49.tgz",
            "integrity": "sha512-3rvqnBCtX9ywso5fCHixt2GBCUsogNp9DjGmvbBohh31Ces34BVzFltMSxJpacNki96+WIcX5s/vum+ckXiLYg==",
            "cpu": [
                "x64"
            ],
            "dev": true,
            "optional": true,
            "os": [
                "darwin"
            ],
            "engines": {
                "node": ">=12"
            }
        },
        "node_modules/esbuild-darwin-arm64": {
            "version": "0.14.49",
            "resolved": "https://registry.npmjs.org/esbuild-darwin-arm64/-/esbuild-darwin-arm64-0.14.49.tgz",
            "integrity": "sha512-XMaqDxO846srnGlUSJnwbijV29MTKUATmOLyQSfswbK/2X5Uv28M9tTLUJcKKxzoo9lnkYPsx2o8EJcTYwCs/A==",
            "cpu": [
                "arm64"
            ],
            "dev": true,
            "optional": true,
            "os": [
                "darwin"
            ],
            "engines": {
                "node": ">=12"
            }
        },
        "node_modules/esbuild-freebsd-64": {
            "version": "0.14.49",
            "resolved": "https://registry.npmjs.org/esbuild-freebsd-64/-/esbuild-freebsd-64-0.14.49.tgz",
            "integrity": "sha512-NJ5Q6AjV879mOHFri+5lZLTp5XsO2hQ+KSJYLbfY9DgCu8s6/Zl2prWXVANYTeCDLlrIlNNYw8y34xqyLDKOmQ==",
            "cpu": [
                "x64"
            ],
            "dev": true,
            "optional": true,
            "os": [
                "freebsd"
            ],
            "engines": {
                "node": ">=12"
            }
        },
        "node_modules/esbuild-freebsd-arm64": {
            "version": "0.14.49",
            "resolved": "https://registry.npmjs.org/esbuild-freebsd-arm64/-/esbuild-freebsd-arm64-0.14.49.tgz",
            "integrity": "sha512-lFLtgXnAc3eXYqj5koPlBZvEbBSOSUbWO3gyY/0+4lBdRqELyz4bAuamHvmvHW5swJYL7kngzIZw6kdu25KGOA==",
            "cpu": [
                "arm64"
            ],
            "dev": true,
            "optional": true,
            "os": [
                "freebsd"
            ],
            "engines": {
                "node": ">=12"
            }
        },
        "node_modules/esbuild-linux-32": {
            "version": "0.14.49",
            "resolved": "https://registry.npmjs.org/esbuild-linux-32/-/esbuild-linux-32-0.14.49.tgz",
            "integrity": "sha512-zTTH4gr2Kb8u4QcOpTDVn7Z8q7QEIvFl/+vHrI3cF6XOJS7iEI1FWslTo3uofB2+mn6sIJEQD9PrNZKoAAMDiA==",
            "cpu": [
                "ia32"
            ],
            "dev": true,
            "optional": true,
            "os": [
                "linux"
            ],
            "engines": {
                "node": ">=12"
            }
        },
        "node_modules/esbuild-linux-64": {
            "version": "0.14.49",
            "resolved": "https://registry.npmjs.org/esbuild-linux-64/-/esbuild-linux-64-0.14.49.tgz",
            "integrity": "sha512-hYmzRIDzFfLrB5c1SknkxzM8LdEUOusp6M2TnuQZJLRtxTgyPnZZVtyMeCLki0wKgYPXkFsAVhi8vzo2mBNeTg==",
            "cpu": [
                "x64"
            ],
            "dev": true,
            "optional": true,
            "os": [
                "linux"
            ],
            "engines": {
                "node": ">=12"
            }
        },
        "node_modules/esbuild-linux-arm": {
            "version": "0.14.49",
            "resolved": "https://registry.npmjs.org/esbuild-linux-arm/-/esbuild-linux-arm-0.14.49.tgz",
            "integrity": "sha512-iE3e+ZVv1Qz1Sy0gifIsarJMQ89Rpm9mtLSRtG3AH0FPgAzQ5Z5oU6vYzhc/3gSPi2UxdCOfRhw2onXuFw/0lg==",
            "cpu": [
                "arm"
            ],
            "dev": true,
            "optional": true,
            "os": [
                "linux"
            ],
            "engines": {
                "node": ">=12"
            }
        },
        "node_modules/esbuild-linux-arm64": {
            "version": "0.14.49",
            "resolved": "https://registry.npmjs.org/esbuild-linux-arm64/-/esbuild-linux-arm64-0.14.49.tgz",
            "integrity": "sha512-KLQ+WpeuY+7bxukxLz5VgkAAVQxUv67Ft4DmHIPIW+2w3ObBPQhqNoeQUHxopoW/aiOn3m99NSmSV+bs4BSsdA==",
            "cpu": [
                "arm64"
            ],
            "dev": true,
            "optional": true,
            "os": [
                "linux"
            ],
            "engines": {
                "node": ">=12"
            }
        },
        "node_modules/esbuild-linux-mips64le": {
            "version": "0.14.49",
            "resolved": "https://registry.npmjs.org/esbuild-linux-mips64le/-/esbuild-linux-mips64le-0.14.49.tgz",
            "integrity": "sha512-n+rGODfm8RSum5pFIqFQVQpYBw+AztL8s6o9kfx7tjfK0yIGF6tm5HlG6aRjodiiKkH2xAiIM+U4xtQVZYU4rA==",
            "cpu": [
                "mips64el"
            ],
            "dev": true,
            "optional": true,
            "os": [
                "linux"
            ],
            "engines": {
                "node": ">=12"
            }
        },
        "node_modules/esbuild-linux-ppc64le": {
            "version": "0.14.49",
            "resolved": "https://registry.npmjs.org/esbuild-linux-ppc64le/-/esbuild-linux-ppc64le-0.14.49.tgz",
            "integrity": "sha512-WP9zR4HX6iCBmMFH+XHHng2LmdoIeUmBpL4aL2TR8ruzXyT4dWrJ5BSbT8iNo6THN8lod6GOmYDLq/dgZLalGw==",
            "cpu": [
                "ppc64"
            ],
            "dev": true,
            "optional": true,
            "os": [
                "linux"
            ],
            "engines": {
                "node": ">=12"
            }
        },
        "node_modules/esbuild-linux-riscv64": {
            "version": "0.14.49",
            "resolved": "https://registry.npmjs.org/esbuild-linux-riscv64/-/esbuild-linux-riscv64-0.14.49.tgz",
            "integrity": "sha512-h66ORBz+Dg+1KgLvzTVQEA1LX4XBd1SK0Fgbhhw4akpG/YkN8pS6OzYI/7SGENiN6ao5hETRDSkVcvU9NRtkMQ==",
            "cpu": [
                "riscv64"
            ],
            "dev": true,
            "optional": true,
            "os": [
                "linux"
            ],
            "engines": {
                "node": ">=12"
            }
        },
        "node_modules/esbuild-linux-s390x": {
            "version": "0.14.49",
            "resolved": "https://registry.npmjs.org/esbuild-linux-s390x/-/esbuild-linux-s390x-0.14.49.tgz",
            "integrity": "sha512-DhrUoFVWD+XmKO1y7e4kNCqQHPs6twz6VV6Uezl/XHYGzM60rBewBF5jlZjG0nCk5W/Xy6y1xWeopkrhFFM0sQ==",
            "cpu": [
                "s390x"
            ],
            "dev": true,
            "optional": true,
            "os": [
                "linux"
            ],
            "engines": {
                "node": ">=12"
            }
        },
        "node_modules/esbuild-netbsd-64": {
            "version": "0.14.49",
            "resolved": "https://registry.npmjs.org/esbuild-netbsd-64/-/esbuild-netbsd-64-0.14.49.tgz",
            "integrity": "sha512-BXaUwFOfCy2T+hABtiPUIpWjAeWK9P8O41gR4Pg73hpzoygVGnj0nI3YK4SJhe52ELgtdgWP/ckIkbn2XaTxjQ==",
            "cpu": [
                "x64"
            ],
            "dev": true,
            "optional": true,
            "os": [
                "netbsd"
            ],
            "engines": {
                "node": ">=12"
            }
        },
        "node_modules/esbuild-openbsd-64": {
            "version": "0.14.49",
            "resolved": "https://registry.npmjs.org/esbuild-openbsd-64/-/esbuild-openbsd-64-0.14.49.tgz",
            "integrity": "sha512-lP06UQeLDGmVPw9Rg437Btu6J9/BmyhdoefnQ4gDEJTtJvKtQaUcOQrhjTq455ouZN4EHFH1h28WOJVANK41kA==",
            "cpu": [
                "x64"
            ],
            "dev": true,
            "optional": true,
            "os": [
                "openbsd"
            ],
            "engines": {
                "node": ">=12"
            }
        },
        "node_modules/esbuild-sunos-64": {
            "version": "0.14.49",
            "resolved": "https://registry.npmjs.org/esbuild-sunos-64/-/esbuild-sunos-64-0.14.49.tgz",
            "integrity": "sha512-4c8Zowp+V3zIWje329BeLbGh6XI9c/rqARNaj5yPHdC61pHI9UNdDxT3rePPJeWcEZVKjkiAS6AP6kiITp7FSw==",
            "cpu": [
                "x64"
            ],
            "dev": true,
            "optional": true,
            "os": [
                "sunos"
            ],
            "engines": {
                "node": ">=12"
            }
        },
        "node_modules/esbuild-windows-32": {
            "version": "0.14.49",
            "resolved": "https://registry.npmjs.org/esbuild-windows-32/-/esbuild-windows-32-0.14.49.tgz",
            "integrity": "sha512-q7Rb+J9yHTeKr9QTPDYkqfkEj8/kcKz9lOabDuvEXpXuIcosWCJgo5Z7h/L4r7rbtTH4a8U2FGKb6s1eeOHmJA==",
            "cpu": [
                "ia32"
            ],
            "dev": true,
            "optional": true,
            "os": [
                "win32"
            ],
            "engines": {
                "node": ">=12"
            }
        },
        "node_modules/esbuild-windows-64": {
            "version": "0.14.49",
            "resolved": "https://registry.npmjs.org/esbuild-windows-64/-/esbuild-windows-64-0.14.49.tgz",
            "integrity": "sha512-+Cme7Ongv0UIUTniPqfTX6mJ8Deo7VXw9xN0yJEN1lQMHDppTNmKwAM3oGbD/Vqff+07K2gN0WfNkMohmG+dVw==",
            "cpu": [
                "x64"
            ],
            "dev": true,
            "optional": true,
            "os": [
                "win32"
            ],
            "engines": {
                "node": ">=12"
            }
        },
        "node_modules/esbuild-windows-arm64": {
            "version": "0.14.49",
            "resolved": "https://registry.npmjs.org/esbuild-windows-arm64/-/esbuild-windows-arm64-0.14.49.tgz",
            "integrity": "sha512-v+HYNAXzuANrCbbLFJ5nmO3m5y2PGZWLe3uloAkLt87aXiO2mZr3BTmacZdjwNkNEHuH3bNtN8cak+mzVjVPfA==",
            "cpu": [
                "arm64"
            ],
            "dev": true,
            "optional": true,
            "os": [
                "win32"
            ],
            "engines": {
                "node": ">=12"
            }
        },
        "node_modules/fast-json-parse": {
            "version": "1.0.3",
            "resolved": "https://registry.npmjs.org/fast-json-parse/-/fast-json-parse-1.0.3.tgz",
            "integrity": "sha512-FRWsaZRWEJ1ESVNbDWmsAlqDk96gPQezzLghafp5J4GUKjbCz3OkAHuZs5TuPEtkbVQERysLp9xv6c24fBm8Aw=="
        },
        "node_modules/history": {
            "version": "5.3.0",
            "resolved": "https://registry.npmjs.org/history/-/history-5.3.0.tgz",
            "integrity": "sha512-ZqaKwjjrAYUYfLG+htGaIIZ4nioX2L70ZUMIFysS3xvBsSG4x/n1V6TXV3N8ZYNuFGlDirFg32T7B6WOUPDYcQ==",
            "dev": true,
            "dependencies": {
                "@babel/runtime": "^7.7.6"
            }
        },
        "node_modules/js-tokens": {
            "version": "4.0.0",
            "resolved": "https://registry.npmjs.org/js-tokens/-/js-tokens-4.0.0.tgz",
            "integrity": "sha512-RdJUflcE3cUzKiMqQgsCu06FPu9UdIJO0beYbPhHN4k6apgJtifcoCtT9bcxOpYBtpD2kCM6Sbzg4CausW/PKQ==",
            "peer": true
        },
        "node_modules/lodash": {
            "version": "4.17.21",
            "resolved": "https://registry.npmjs.org/lodash/-/lodash-4.17.21.tgz",
            "integrity": "sha512-v2kDEe57lecTulaDIuNTPy3Ry4gLGJ6Z1O3vE1krgXZNrsQ+LFTGHVxVjcXPs17LhbZVGedAJv8XZ1tvj5FvSg=="
        },
        "node_modules/loose-envify": {
            "version": "1.4.0",
            "resolved": "https://registry.npmjs.org/loose-envify/-/loose-envify-1.4.0.tgz",
            "integrity": "sha512-lyuxPGr/Wfhrlem2CL/UcnUc1zcqKAImBDzukY7Y5F/yQiNdko6+fRLevlw1HgMySw7f611UIY408EtxRSoK3Q==",
            "peer": true,
            "dependencies": {
                "js-tokens": "^3.0.0 || ^4.0.0"
            },
            "bin": {
                "loose-envify": "cli.js"
            }
        },
        "node_modules/objectorarray": {
            "version": "1.0.5",
            "resolved": "https://registry.npmjs.org/objectorarray/-/objectorarray-1.0.5.tgz",
            "integrity": "sha512-eJJDYkhJFFbBBAxeh8xW+weHlkI28n2ZdQV/J/DNfWfSKlGEf2xcfAbZTv3riEXHAhL9SVOTs2pRmXiSTf78xg=="
        },
        "node_modules/react": {
            "version": "18.0.0",
            "resolved": "https://registry.npmjs.org/react/-/react-18.0.0.tgz",
            "integrity": "sha512-x+VL6wbT4JRVPm7EGxXhZ8w8LTROaxPXOqhlGyVSrv0sB1jkyFGgXxJ8LVoPRLvPR6/CIZGFmfzqUa2NYeMr2A==",
            "peer": true,
            "dependencies": {
                "loose-envify": "^1.1.0"
            },
            "engines": {
                "node": ">=0.10.0"
            }
        },
        "node_modules/react-dom": {
            "version": "18.0.0",
            "resolved": "https://registry.npmjs.org/react-dom/-/react-dom-18.0.0.tgz",
            "integrity": "sha512-XqX7uzmFo0pUceWFCt7Gff6IyIMzFUn7QMZrbrQfGxtaxXZIcGQzoNpRLE3fQLnS4XzLLPMZX2T9TRcSrasicw==",
            "peer": true,
            "dependencies": {
                "loose-envify": "^1.1.0",
                "scheduler": "^0.21.0"
            },
            "peerDependencies": {
                "react": "^18.0.0"
            }
        },
        "node_modules/react-router": {
            "version": "6.2.2",
            "resolved": "https://registry.npmjs.org/react-router/-/react-router-6.2.2.tgz",
            "integrity": "sha512-/MbxyLzd7Q7amp4gDOGaYvXwhEojkJD5BtExkuKmj39VEE0m3l/zipf6h2WIB2jyAO0lI6NGETh4RDcktRm4AQ==",
            "dev": true,
            "dependencies": {
                "history": "^5.2.0"
            },
            "peerDependencies": {
                "react": ">=16.8"
            }
        },
        "node_modules/react-router-dom": {
            "version": "6.2.2",
            "resolved": "https://registry.npmjs.org/react-router-dom/-/react-router-dom-6.2.2.tgz",
            "integrity": "sha512-AtYEsAST7bDD4dLSQHDnk/qxWLJdad5t1HFa1qJyUrCeGgEuCSw0VB/27ARbF9Fi/W5598ujvJOm3ujUCVzuYQ==",
            "dev": true,
            "dependencies": {
                "history": "^5.2.0",
                "react-router": "6.2.2"
            },
            "peerDependencies": {
                "react": ">=16.8",
                "react-dom": ">=16.8"
            }
        },
        "node_modules/regenerator-runtime": {
            "version": "0.13.9",
            "resolved": "https://registry.npmjs.org/regenerator-runtime/-/regenerator-runtime-0.13.9.tgz",
            "integrity": "sha512-p3VT+cOEgxFsRRA9X4lkI1E+k2/CtnKtU4gcxyaCUreilL/vqI6CdZ3wxVUx3UOUg+gnUOQQcRI7BmSI656MYA==",
            "dev": true
        },
        "node_modules/scheduler": {
            "version": "0.21.0",
            "resolved": "https://registry.npmjs.org/scheduler/-/scheduler-0.21.0.tgz",
            "integrity": "sha512-1r87x5fz9MXqswA2ERLo0EbOAU74DpIUO090gIasYTqlVoJeMcl+Z1Rg7WHz+qtPujhS/hGIt9kxZOYBV3faRQ==",
            "peer": true,
            "dependencies": {
                "loose-envify": "^1.1.0"
            }
        },
        "node_modules/source-map": {
            "version": "0.7.3",
            "resolved": "https://registry.npmjs.org/source-map/-/source-map-0.7.3.tgz",
            "integrity": "sha512-CkCj6giN3S+n9qrYiBTX5gystlENnRW5jZeNLHpe6aue+SrHcG5VYwujhW9s4dY31mEGsxBDrHR6oI69fTXsaQ==",
            "engines": {
                "node": ">= 8"
            }
        },
        "node_modules/tinycolor2": {
            "version": "1.4.2",
            "resolved": "https://registry.npmjs.org/tinycolor2/-/tinycolor2-1.4.2.tgz",
            "integrity": "sha512-vJhccZPs965sV/L2sU4oRQVAos0pQXwsvTLkWYdqJ+a8Q5kPFzJTuOFwy7UniPli44NKQGAglksjvOcpo95aZA==",
            "engines": {
                "node": "*"
            }
        },
        "node_modules/ts-ast-to-literal": {
            "version": "1.0.5",
            "resolved": "https://registry.npmjs.org/ts-ast-to-literal/-/ts-ast-to-literal-1.0.5.tgz",
            "integrity": "sha512-dHRN7h2UGkWtQriPMGRokoN6st4bUr6ADccH90opZWrRpKxjQvdCOkpy69foSVL2zXD18eaGuVldsr3XJoi6vQ==",
            "dependencies": {
                "@dword-design/functions": "^4.0.6"
            },
            "engines": {
                "node": ">=12"
            },
            "funding": {
                "url": "https://github.com/sponsors/dword-design"
            },
            "peerDependencies": {
                "typescript": "^4.3.5"
            }
        },
        "node_modules/ts-pattern": {
            "version": "4.0.1",
            "resolved": "https://registry.npmjs.org/ts-pattern/-/ts-pattern-4.0.1.tgz",
            "integrity": "sha512-UaEFiG0xvCAa0tXBi242rD2WU28RlurzQe27t7vc2+3difhtA58Q6BiFl3YQbDlDiWfantdP05YICJPpGo/ulg=="
        },
        "node_modules/typescript": {
            "version": "4.6.2",
            "resolved": "https://registry.npmjs.org/typescript/-/typescript-4.6.2.tgz",
            "integrity": "sha512-HM/hFigTBHZhLXshn9sN37H085+hQGeJHJ/X7LpBWLID/fbc2acUMfU+lGD98X81sKP+pFa9f0DZmCwB9GnbAg==",
            "bin": {
                "tsc": "bin/tsc",
                "tsserver": "bin/tsserver"
            },
            "engines": {
                "node": ">=4.2.0"
            }
        }
    },
    "dependencies": {
        "@babel/runtime": {
            "version": "7.17.2",
            "resolved": "https://registry.npmjs.org/@babel/runtime/-/runtime-7.17.2.tgz",
            "integrity": "sha512-hzeyJyMA1YGdJTuWU0e/j4wKXrU4OMFvY2MSlaI9B7VQb0r5cxTE3EAIS2Q7Tn2RIcDkRvTA/v2JsAEhxe99uw==",
            "dev": true,
            "requires": {
                "regenerator-runtime": "^0.13.4"
            }
        },
        "@dword-design/endent": {
            "version": "1.0.1",
            "resolved": "https://registry.npmjs.org/@dword-design/endent/-/endent-1.0.1.tgz",
            "integrity": "sha512-F8xRP8hTVd8JclhvmZskVN6QMLMge+kYCPOZ2Xsx7FJbs2dyD9J1cwDNsBAVujBfK2aKeznI/eqbHVK2XxCA2g==",
            "requires": {
                "dedent": "github:dword-design/dedent#fork",
                "fast-json-parse": "^1.0.3",
                "objectorarray": "^1.0.3"
            }
        },
        "@dword-design/functions": {
            "version": "4.0.7",
            "resolved": "https://registry.npmjs.org/@dword-design/functions/-/functions-4.0.7.tgz",
            "integrity": "sha512-Q225czTokHcXIUhe+yVlHuhnETdfKyJptNAfg2LnoB/HXUxQyb76+kwpBzwlldOQ7FJl+RDATj4zTRBh4puesA==",
            "requires": {
                "@dword-design/endent": "^1.0.0",
                "delay": "^5.0.0",
                "lodash": "^4.17.15",
                "tinycolor2": "^1.4.1"
            }
        },
        "@kruining/waterlogged": {
            "version": "1.1.23",
            "resolved": "https://registry.npmjs.org/@kruining/waterlogged/-/waterlogged-1.1.23.tgz",
            "integrity": "sha512-+8lEJa7az1YD9a03jBbJWRGTD9T5pa7/HBWWNjTCgbLp3Blzln79S6lTEr/mpS3H+ggVvDo5V9Xo4GqjU6qIJw==",
            "dev": true
        },
        "@remix-run/react": {
            "version": "1.6.4",
            "resolved": "https://registry.npmjs.org/@remix-run/react/-/react-1.6.4.tgz",
            "integrity": "sha512-Ai05U2pZqAqd4buvomKRJM32u34qmb7W7dZCxUYMV+6+CkYddxOjnrFcnG/KyRSqmJ12O8UWAspJCvkfbZVW5w==",
            "dev": true,
            "requires": {
                "history": "^5.3.0",
                "react-router-dom": "^6.2.2"
            }
        },
        "@types/node": {
            "version": "17.0.21",
            "resolved": "https://registry.npmjs.org/@types/node/-/node-17.0.21.tgz",
            "integrity": "sha512-DBZCJbhII3r90XbQxI8Y9IjjiiOGlZ0Hr32omXIZvwwZ7p4DMMXGrKXVyPfuoBOri9XNtL0UK69jYIBIsRX3QQ==",
            "dev": true
        },
        "@types/prop-types": {
            "version": "15.7.4",
            "resolved": "https://registry.npmjs.org/@types/prop-types/-/prop-types-15.7.4.tgz",
            "integrity": "sha512-rZ5drC/jWjrArrS8BR6SIr4cWpW09RNTYt9AMZo3Jwwif+iacXAqgVjm0B0Bv/S1jhDXKHqRVNCbACkJ89RAnQ==",
            "dev": true
        },
        "@types/react": {
            "version": "18.0.15",
            "resolved": "https://registry.npmjs.org/@types/react/-/react-18.0.15.tgz",
            "integrity": "sha512-iz3BtLuIYH1uWdsv6wXYdhozhqj20oD4/Hk2DNXIn1kFsmp9x8d9QB6FnPhfkbhd2PgEONt9Q1x/ebkwjfFLow==",
            "dev": true,
            "requires": {
                "@types/prop-types": "*",
                "@types/scheduler": "*",
                "csstype": "^3.0.2"
            }
        },
        "@types/react-dom": {
            "version": "18.0.6",
            "resolved": "https://registry.npmjs.org/@types/react-dom/-/react-dom-18.0.6.tgz",
            "integrity": "sha512-/5OFZgfIPSwy+YuIBP/FgJnQnsxhZhjjrnxudMddeblOouIodEQ75X14Rr4wGSG/bknL+Omy9iWlLo1u/9GzAA==",
            "dev": true,
            "requires": {
                "@types/react": "*"
            }
        },
        "@types/scheduler": {
            "version": "0.16.2",
            "resolved": "https://registry.npmjs.org/@types/scheduler/-/scheduler-0.16.2.tgz",
            "integrity": "sha512-hppQEBDmlwhFAXKJX2KnWLYu5yMfi91yazPb2l+lbJiwW+wdo1gNeRA+3RgNSO39WYX2euey41KEwnqesU2Jew==",
            "dev": true
        },
        "babel-plugin-add-module-exports": {
            "version": "1.0.4",
            "resolved": "https://registry.npmjs.org/babel-plugin-add-module-exports/-/babel-plugin-add-module-exports-1.0.4.tgz",
            "integrity": "sha512-g+8yxHUZ60RcyaUpfNzy56OtWW+x9cyEe9j+CranqLiqbju2yf/Cy6ZtYK40EZxtrdHllzlVZgLmcOUCTlJ7Jg=="
        },
        "comlink": {
            "version": "4.3.1",
            "resolved": "https://registry.npmjs.org/comlink/-/comlink-4.3.1.tgz",
            "integrity": "sha512-+YbhUdNrpBZggBAHWcgQMLPLH1KDF3wJpeqrCKieWQ8RL7atmgsgTQko1XEBK6PsecfopWNntopJ+ByYG1lRaA=="
        },
        "csstype": {
            "version": "3.0.11",
            "resolved": "https://registry.npmjs.org/csstype/-/csstype-3.0.11.tgz",
            "integrity": "sha512-sa6P2wJ+CAbgyy4KFssIb/JNMLxFvKF1pCYCSXS8ZMuqZnMsrxqI2E5sPyoTpxoPU/gVZMzr2zjOfg8GIZOMsw==",
            "dev": true
        },
        "dedent": {
            "version": "git+ssh://git@github.com/dword-design/dedent.git#c8d46e5017d60504657c2d01b59082c0329a12a7",
            "from": "dedent@github:dword-design/dedent#fork",
            "requires": {
                "babel-plugin-add-module-exports": "^1.0.2"
            }
        },
        "delay": {
            "version": "5.0.0",
            "resolved": "https://registry.npmjs.org/delay/-/delay-5.0.0.tgz",
            "integrity": "sha512-ReEBKkIfe4ya47wlPYf/gu5ib6yUG0/Aez0JQZQz94kiWtRQvZIQbTiehsnwHvLSWJnQdhVeqYue7Id1dKr0qw=="
        },
        "esbuild": {
            "version": "0.14.49",
            "resolved": "https://registry.npmjs.org/esbuild/-/esbuild-0.14.49.tgz",
            "integrity": "sha512-/TlVHhOaq7Yz8N1OJrjqM3Auzo5wjvHFLk+T8pIue+fhnhIMpfAzsG6PLVMbFveVxqD2WOp3QHei+52IMUNmCw==",
            "dev": true,
            "requires": {
                "esbuild-android-64": "0.14.49",
                "esbuild-android-arm64": "0.14.49",
                "esbuild-darwin-64": "0.14.49",
                "esbuild-darwin-arm64": "0.14.49",
                "esbuild-freebsd-64": "0.14.49",
                "esbuild-freebsd-arm64": "0.14.49",
                "esbuild-linux-32": "0.14.49",
                "esbuild-linux-64": "0.14.49",
                "esbuild-linux-arm": "0.14.49",
                "esbuild-linux-arm64": "0.14.49",
                "esbuild-linux-mips64le": "0.14.49",
                "esbuild-linux-ppc64le": "0.14.49",
                "esbuild-linux-riscv64": "0.14.49",
                "esbuild-linux-s390x": "0.14.49",
                "esbuild-netbsd-64": "0.14.49",
                "esbuild-openbsd-64": "0.14.49",
                "esbuild-sunos-64": "0.14.49",
                "esbuild-windows-32": "0.14.49",
                "esbuild-windows-64": "0.14.49",
                "esbuild-windows-arm64": "0.14.49"
            }
        },
        "esbuild-android-64": {
            "version": "0.14.49",
            "resolved": "https://registry.npmjs.org/esbuild-android-64/-/esbuild-android-64-0.14.49.tgz",
            "integrity": "sha512-vYsdOTD+yi+kquhBiFWl3tyxnj2qZJsl4tAqwhT90ktUdnyTizgle7TjNx6Ar1bN7wcwWqZ9QInfdk2WVagSww==",
            "dev": true,
            "optional": true
        },
        "esbuild-android-arm64": {
            "version": "0.14.49",
            "resolved": "https://registry.npmjs.org/esbuild-android-arm64/-/esbuild-android-arm64-0.14.49.tgz",
            "integrity": "sha512-g2HGr/hjOXCgSsvQZ1nK4nW/ei8JUx04Li74qub9qWrStlysaVmadRyTVuW32FGIpLQyc5sUjjZopj49eGGM2g==",
            "dev": true,
            "optional": true
        },
        "esbuild-darwin-64": {
            "version": "0.14.49",
            "resolved": "https://registry.npmjs.org/esbuild-darwin-64/-/esbuild-darwin-64-0.14.49.tgz",
            "integrity": "sha512-3rvqnBCtX9ywso5fCHixt2GBCUsogNp9DjGmvbBohh31Ces34BVzFltMSxJpacNki96+WIcX5s/vum+ckXiLYg==",
            "dev": true,
            "optional": true
        },
        "esbuild-darwin-arm64": {
            "version": "0.14.49",
            "resolved": "https://registry.npmjs.org/esbuild-darwin-arm64/-/esbuild-darwin-arm64-0.14.49.tgz",
            "integrity": "sha512-XMaqDxO846srnGlUSJnwbijV29MTKUATmOLyQSfswbK/2X5Uv28M9tTLUJcKKxzoo9lnkYPsx2o8EJcTYwCs/A==",
            "dev": true,
            "optional": true
        },
        "esbuild-freebsd-64": {
            "version": "0.14.49",
            "resolved": "https://registry.npmjs.org/esbuild-freebsd-64/-/esbuild-freebsd-64-0.14.49.tgz",
            "integrity": "sha512-NJ5Q6AjV879mOHFri+5lZLTp5XsO2hQ+KSJYLbfY9DgCu8s6/Zl2prWXVANYTeCDLlrIlNNYw8y34xqyLDKOmQ==",
            "dev": true,
            "optional": true
        },
        "esbuild-freebsd-arm64": {
            "version": "0.14.49",
            "resolved": "https://registry.npmjs.org/esbuild-freebsd-arm64/-/esbuild-freebsd-arm64-0.14.49.tgz",
            "integrity": "sha512-lFLtgXnAc3eXYqj5koPlBZvEbBSOSUbWO3gyY/0+4lBdRqELyz4bAuamHvmvHW5swJYL7kngzIZw6kdu25KGOA==",
            "dev": true,
            "optional": true
        },
        "esbuild-linux-32": {
            "version": "0.14.49",
            "resolved": "https://registry.npmjs.org/esbuild-linux-32/-/esbuild-linux-32-0.14.49.tgz",
            "integrity": "sha512-zTTH4gr2Kb8u4QcOpTDVn7Z8q7QEIvFl/+vHrI3cF6XOJS7iEI1FWslTo3uofB2+mn6sIJEQD9PrNZKoAAMDiA==",
            "dev": true,
            "optional": true
        },
        "esbuild-linux-64": {
            "version": "0.14.49",
            "resolved": "https://registry.npmjs.org/esbuild-linux-64/-/esbuild-linux-64-0.14.49.tgz",
            "integrity": "sha512-hYmzRIDzFfLrB5c1SknkxzM8LdEUOusp6M2TnuQZJLRtxTgyPnZZVtyMeCLki0wKgYPXkFsAVhi8vzo2mBNeTg==",
            "dev": true,
            "optional": true
        },
        "esbuild-linux-arm": {
            "version": "0.14.49",
            "resolved": "https://registry.npmjs.org/esbuild-linux-arm/-/esbuild-linux-arm-0.14.49.tgz",
            "integrity": "sha512-iE3e+ZVv1Qz1Sy0gifIsarJMQ89Rpm9mtLSRtG3AH0FPgAzQ5Z5oU6vYzhc/3gSPi2UxdCOfRhw2onXuFw/0lg==",
            "dev": true,
            "optional": true
        },
        "esbuild-linux-arm64": {
            "version": "0.14.49",
            "resolved": "https://registry.npmjs.org/esbuild-linux-arm64/-/esbuild-linux-arm64-0.14.49.tgz",
            "integrity": "sha512-KLQ+WpeuY+7bxukxLz5VgkAAVQxUv67Ft4DmHIPIW+2w3ObBPQhqNoeQUHxopoW/aiOn3m99NSmSV+bs4BSsdA==",
            "dev": true,
            "optional": true
        },
        "esbuild-linux-mips64le": {
            "version": "0.14.49",
            "resolved": "https://registry.npmjs.org/esbuild-linux-mips64le/-/esbuild-linux-mips64le-0.14.49.tgz",
            "integrity": "sha512-n+rGODfm8RSum5pFIqFQVQpYBw+AztL8s6o9kfx7tjfK0yIGF6tm5HlG6aRjodiiKkH2xAiIM+U4xtQVZYU4rA==",
            "dev": true,
            "optional": true
        },
        "esbuild-linux-ppc64le": {
            "version": "0.14.49",
            "resolved": "https://registry.npmjs.org/esbuild-linux-ppc64le/-/esbuild-linux-ppc64le-0.14.49.tgz",
            "integrity": "sha512-WP9zR4HX6iCBmMFH+XHHng2LmdoIeUmBpL4aL2TR8ruzXyT4dWrJ5BSbT8iNo6THN8lod6GOmYDLq/dgZLalGw==",
            "dev": true,
            "optional": true
        },
        "esbuild-linux-riscv64": {
            "version": "0.14.49",
            "resolved": "https://registry.npmjs.org/esbuild-linux-riscv64/-/esbuild-linux-riscv64-0.14.49.tgz",
            "integrity": "sha512-h66ORBz+Dg+1KgLvzTVQEA1LX4XBd1SK0Fgbhhw4akpG/YkN8pS6OzYI/7SGENiN6ao5hETRDSkVcvU9NRtkMQ==",
            "dev": true,
            "optional": true
        },
        "esbuild-linux-s390x": {
            "version": "0.14.49",
            "resolved": "https://registry.npmjs.org/esbuild-linux-s390x/-/esbuild-linux-s390x-0.14.49.tgz",
            "integrity": "sha512-DhrUoFVWD+XmKO1y7e4kNCqQHPs6twz6VV6Uezl/XHYGzM60rBewBF5jlZjG0nCk5W/Xy6y1xWeopkrhFFM0sQ==",
            "dev": true,
            "optional": true
        },
        "esbuild-netbsd-64": {
            "version": "0.14.49",
            "resolved": "https://registry.npmjs.org/esbuild-netbsd-64/-/esbuild-netbsd-64-0.14.49.tgz",
            "integrity": "sha512-BXaUwFOfCy2T+hABtiPUIpWjAeWK9P8O41gR4Pg73hpzoygVGnj0nI3YK4SJhe52ELgtdgWP/ckIkbn2XaTxjQ==",
            "dev": true,
            "optional": true
        },
        "esbuild-openbsd-64": {
            "version": "0.14.49",
            "resolved": "https://registry.npmjs.org/esbuild-openbsd-64/-/esbuild-openbsd-64-0.14.49.tgz",
            "integrity": "sha512-lP06UQeLDGmVPw9Rg437Btu6J9/BmyhdoefnQ4gDEJTtJvKtQaUcOQrhjTq455ouZN4EHFH1h28WOJVANK41kA==",
            "dev": true,
            "optional": true
        },
        "esbuild-sunos-64": {
            "version": "0.14.49",
            "resolved": "https://registry.npmjs.org/esbuild-sunos-64/-/esbuild-sunos-64-0.14.49.tgz",
            "integrity": "sha512-4c8Zowp+V3zIWje329BeLbGh6XI9c/rqARNaj5yPHdC61pHI9UNdDxT3rePPJeWcEZVKjkiAS6AP6kiITp7FSw==",
            "dev": true,
            "optional": true
        },
        "esbuild-windows-32": {
            "version": "0.14.49",
            "resolved": "https://registry.npmjs.org/esbuild-windows-32/-/esbuild-windows-32-0.14.49.tgz",
            "integrity": "sha512-q7Rb+J9yHTeKr9QTPDYkqfkEj8/kcKz9lOabDuvEXpXuIcosWCJgo5Z7h/L4r7rbtTH4a8U2FGKb6s1eeOHmJA==",
            "dev": true,
            "optional": true
        },
        "esbuild-windows-64": {
            "version": "0.14.49",
            "resolved": "https://registry.npmjs.org/esbuild-windows-64/-/esbuild-windows-64-0.14.49.tgz",
            "integrity": "sha512-+Cme7Ongv0UIUTniPqfTX6mJ8Deo7VXw9xN0yJEN1lQMHDppTNmKwAM3oGbD/Vqff+07K2gN0WfNkMohmG+dVw==",
            "dev": true,
            "optional": true
        },
        "esbuild-windows-arm64": {
            "version": "0.14.49",
            "resolved": "https://registry.npmjs.org/esbuild-windows-arm64/-/esbuild-windows-arm64-0.14.49.tgz",
            "integrity": "sha512-v+HYNAXzuANrCbbLFJ5nmO3m5y2PGZWLe3uloAkLt87aXiO2mZr3BTmacZdjwNkNEHuH3bNtN8cak+mzVjVPfA==",
            "dev": true,
            "optional": true
        },
        "fast-json-parse": {
            "version": "1.0.3",
            "resolved": "https://registry.npmjs.org/fast-json-parse/-/fast-json-parse-1.0.3.tgz",
            "integrity": "sha512-FRWsaZRWEJ1ESVNbDWmsAlqDk96gPQezzLghafp5J4GUKjbCz3OkAHuZs5TuPEtkbVQERysLp9xv6c24fBm8Aw=="
        },
        "history": {
            "version": "5.3.0",
            "resolved": "https://registry.npmjs.org/history/-/history-5.3.0.tgz",
            "integrity": "sha512-ZqaKwjjrAYUYfLG+htGaIIZ4nioX2L70ZUMIFysS3xvBsSG4x/n1V6TXV3N8ZYNuFGlDirFg32T7B6WOUPDYcQ==",
            "dev": true,
            "requires": {
                "@babel/runtime": "^7.7.6"
            }
        },
        "js-tokens": {
            "version": "4.0.0",
            "resolved": "https://registry.npmjs.org/js-tokens/-/js-tokens-4.0.0.tgz",
            "integrity": "sha512-RdJUflcE3cUzKiMqQgsCu06FPu9UdIJO0beYbPhHN4k6apgJtifcoCtT9bcxOpYBtpD2kCM6Sbzg4CausW/PKQ==",
            "peer": true
        },
        "lodash": {
            "version": "4.17.21",
            "resolved": "https://registry.npmjs.org/lodash/-/lodash-4.17.21.tgz",
            "integrity": "sha512-v2kDEe57lecTulaDIuNTPy3Ry4gLGJ6Z1O3vE1krgXZNrsQ+LFTGHVxVjcXPs17LhbZVGedAJv8XZ1tvj5FvSg=="
        },
        "loose-envify": {
            "version": "1.4.0",
            "resolved": "https://registry.npmjs.org/loose-envify/-/loose-envify-1.4.0.tgz",
            "integrity": "sha512-lyuxPGr/Wfhrlem2CL/UcnUc1zcqKAImBDzukY7Y5F/yQiNdko6+fRLevlw1HgMySw7f611UIY408EtxRSoK3Q==",
            "peer": true,
            "requires": {
                "js-tokens": "^3.0.0 || ^4.0.0"
            }
        },
        "objectorarray": {
            "version": "1.0.5",
            "resolved": "https://registry.npmjs.org/objectorarray/-/objectorarray-1.0.5.tgz",
            "integrity": "sha512-eJJDYkhJFFbBBAxeh8xW+weHlkI28n2ZdQV/J/DNfWfSKlGEf2xcfAbZTv3riEXHAhL9SVOTs2pRmXiSTf78xg=="
        },
        "react": {
            "version": "18.0.0",
            "resolved": "https://registry.npmjs.org/react/-/react-18.0.0.tgz",
            "integrity": "sha512-x+VL6wbT4JRVPm7EGxXhZ8w8LTROaxPXOqhlGyVSrv0sB1jkyFGgXxJ8LVoPRLvPR6/CIZGFmfzqUa2NYeMr2A==",
            "peer": true,
            "requires": {
                "loose-envify": "^1.1.0"
            }
        },
        "react-dom": {
            "version": "18.0.0",
            "resolved": "https://registry.npmjs.org/react-dom/-/react-dom-18.0.0.tgz",
            "integrity": "sha512-XqX7uzmFo0pUceWFCt7Gff6IyIMzFUn7QMZrbrQfGxtaxXZIcGQzoNpRLE3fQLnS4XzLLPMZX2T9TRcSrasicw==",
            "peer": true,
            "requires": {
                "loose-envify": "^1.1.0",
                "scheduler": "^0.21.0"
            }
        },
        "react-router": {
            "version": "6.2.2",
            "resolved": "https://registry.npmjs.org/react-router/-/react-router-6.2.2.tgz",
            "integrity": "sha512-/MbxyLzd7Q7amp4gDOGaYvXwhEojkJD5BtExkuKmj39VEE0m3l/zipf6h2WIB2jyAO0lI6NGETh4RDcktRm4AQ==",
            "dev": true,
            "requires": {
                "history": "^5.2.0"
            }
        },
        "react-router-dom": {
            "version": "6.2.2",
            "resolved": "https://registry.npmjs.org/react-router-dom/-/react-router-dom-6.2.2.tgz",
            "integrity": "sha512-AtYEsAST7bDD4dLSQHDnk/qxWLJdad5t1HFa1qJyUrCeGgEuCSw0VB/27ARbF9Fi/W5598ujvJOm3ujUCVzuYQ==",
            "dev": true,
            "requires": {
                "history": "^5.2.0",
                "react-router": "6.2.2"
            }
        },
        "regenerator-runtime": {
            "version": "0.13.9",
            "resolved": "https://registry.npmjs.org/regenerator-runtime/-/regenerator-runtime-0.13.9.tgz",
            "integrity": "sha512-p3VT+cOEgxFsRRA9X4lkI1E+k2/CtnKtU4gcxyaCUreilL/vqI6CdZ3wxVUx3UOUg+gnUOQQcRI7BmSI656MYA==",
            "dev": true
        },
        "scheduler": {
            "version": "0.21.0",
            "resolved": "https://registry.npmjs.org/scheduler/-/scheduler-0.21.0.tgz",
            "integrity": "sha512-1r87x5fz9MXqswA2ERLo0EbOAU74DpIUO090gIasYTqlVoJeMcl+Z1Rg7WHz+qtPujhS/hGIt9kxZOYBV3faRQ==",
            "peer": true,
            "requires": {
                "loose-envify": "^1.1.0"
            }
        },
        "source-map": {
            "version": "0.7.3",
            "resolved": "https://registry.npmjs.org/source-map/-/source-map-0.7.3.tgz",
            "integrity": "sha512-CkCj6giN3S+n9qrYiBTX5gystlENnRW5jZeNLHpe6aue+SrHcG5VYwujhW9s4dY31mEGsxBDrHR6oI69fTXsaQ=="
        },
        "tinycolor2": {
            "version": "1.4.2",
            "resolved": "https://registry.npmjs.org/tinycolor2/-/tinycolor2-1.4.2.tgz",
            "integrity": "sha512-vJhccZPs965sV/L2sU4oRQVAos0pQXwsvTLkWYdqJ+a8Q5kPFzJTuOFwy7UniPli44NKQGAglksjvOcpo95aZA=="
        },
        "ts-ast-to-literal": {
            "version": "1.0.5",
            "resolved": "https://registry.npmjs.org/ts-ast-to-literal/-/ts-ast-to-literal-1.0.5.tgz",
            "integrity": "sha512-dHRN7h2UGkWtQriPMGRokoN6st4bUr6ADccH90opZWrRpKxjQvdCOkpy69foSVL2zXD18eaGuVldsr3XJoi6vQ==",
            "requires": {
                "@dword-design/functions": "^4.0.6"
            }
        },
        "ts-pattern": {
            "version": "4.0.1",
            "resolved": "https://registry.npmjs.org/ts-pattern/-/ts-pattern-4.0.1.tgz",
            "integrity": "sha512-UaEFiG0xvCAa0tXBi242rD2WU28RlurzQe27t7vc2+3difhtA58Q6BiFl3YQbDlDiWfantdP05YICJPpGo/ulg=="
        },
        "typescript": {
            "version": "4.6.2",
            "resolved": "https://registry.npmjs.org/typescript/-/typescript-4.6.2.tgz",
            "integrity": "sha512-HM/hFigTBHZhLXshn9sN37H085+hQGeJHJ/X7LpBWLID/fbc2acUMfU+lGD98X81sKP+pFa9f0DZmCwB9GnbAg=="
        }
    }
}
